
Microsoft Visual Studio Solution File, Format Version 12.00
# Visual Studio Version 17
VisualStudioVersion = 17.7.34031.279
MinimumVisualStudioVersion = 10.0.40219.1
Project("{9A19103F-16F7-4668-BE54-9A1E7A4F7556}") = "AngularAuthApi", "AngularAuthApi\AngularAuthApi.csproj", "{917AC0F6-6C84-4B70-955C-8E1052BF0489}"
EndProject
Project("{9A19103F-16F7-4668-BE54-9A1E7A4F7556}") = "DataAceess", "DataAcees\DataAceess.csproj", "{6FAB03C3-A98C-48AE-B3EE-888D0F431EB1}"
EndProject
Project("{9A19103F-16F7-4668-BE54-9A1E7A4F7556}") = "BusinessLogic", "BusinessLogic\BusinessLogic.csproj", "{27ACAC0E-29D3-4B67-9722-FAA8D2325A09}"
EndProject
Global
	GlobalSection(SolutionConfigurationPlatforms) = preSolution
		Debug|Any CPU = Debug|Any CPU
		Release|Any CPU = Release|Any CPU
	EndGlobalSection
	GlobalSection(ProjectConfigurationPlatforms) = postSolution
		{917AC0F6-6C84-4B70-955C-8E1052BF0489}.Debug|Any CPU.ActiveCfg = Debug|Any CPU
		{917AC0F6-6C84-4B70-955C-8E1052BF0489}.Debug|Any CPU.Build.0 = Debug|Any CPU
		{917AC0F6-6C84-4B70-955C-8E1052BF0489}.Release|Any CPU.ActiveCfg = Release|Any CPU
		{917AC0F6-6C84-4B70-955C-8E1052BF0489}.Release|Any CPU.Build.0 = Release|Any CPU
		{6FAB03C3-A98C-48AE-B3EE-888D0F431EB1}.Debug|Any CPU.ActiveCfg = Debug|Any CPU
		{6FAB03C3-A98C-48AE-B3EE-888D0F431EB1}.Debug|Any CPU.Build.0 = Debug|Any CPU
		{6FAB03C3-A98C-48AE-B3EE-888D0F431EB1}.Release|Any CPU.ActiveCfg = Release|Any CPU
		{6FAB03C3-A98C-48AE-B3EE-888D0F431EB1}.Release|Any CPU.Build.0 = Release|Any CPU
		{27ACAC0E-29D3-4B67-9722-FAA8D2325A09}.Debug|Any CPU.ActiveCfg = Debug|Any CPU
		{27ACAC0E-29D3-4B67-9722-FAA8D2325A09}.Debug|Any CPU.Build.0 = Debug|Any CPU
		{27ACAC0E-29D3-4B67-9722-FAA8D2325A09}.Release|Any CPU.ActiveCfg = Release|Any CPU
		{27ACAC0E-29D3-4B67-9722-FAA8D2325A09}.Release|Any CPU.Build.0 = Release|Any CPU
	EndGlobalSection
	GlobalSection(SolutionProperties) = preSolution
		HideSolutionNode = FALSE
	EndGlobalSection
	GlobalSection(ExtensibilityGlobals) = postSolution
		SolutionGuid = {4FFBF002-FA39-4C35-BA39-FCC9C30A430E}
	EndGlobalSection
EndGlobal
